// !$*UTF8*$!
{
	archiveVersion = 1;
	classes = {
	};
	objectVersion = 77;
	objects = {

/* Begin PBXBuildFile section */
		0FF001ADFD3C4F69D01B1D94 /* GamePhoto.swift in Sources */ = {isa = PBXBuildFile; fileRef = 0C1D9BE824790130C39AE862 /* GamePhoto.swift */; };
		2C076FA65FCBE42EA518C264 /* GeoGuesserApp.swift in Sources */ = {isa = PBXBuildFile; fileRef = 01E7F7C344BF7DD4EAFFACE2 /* GeoGuesserApp.swift */; };
		681883E37A36C28E66C5F673 /* RoundResultView.swift in Sources */ = {isa = PBXBuildFile; fileRef = C0DD12F23DBD67BD339E1A66 /* RoundResultView.swift */; };
		6B87B1592496E014A8B4FDEA /* HomeView.swift in Sources */ = {isa = PBXBuildFile; fileRef = DA4DDF0249E446AAD6489E95 /* HomeView.swift */; };
		89F0AA57BFA018DC2970A5C3 /* ContentView.swift in Sources */ = {isa = PBXBuildFile; fileRef = 351D8CDE1EE6E474E386C7A4 /* ContentView.swift */; };
		91EEF13BE1E778224C8253B8 /* FinalResultsView.swift in Sources */ = {isa = PBXBuildFile; fileRef = 1BB691D16B56FA80D083B697 /* FinalResultsView.swift */; };
		94F48DC17D6217A2A3D6C626 /* PhotoLibraryManager.swift in Sources */ = {isa = PBXBuildFile; fileRef = 424475A6B9F5DD40D39582ED /* PhotoLibraryManager.swift */; };
		96718FF68262F769959F9125 /* PhotoRoundView.swift in Sources */ = {isa = PBXBuildFile; fileRef = 131F25B6207AC6020F2981C9 /* PhotoRoundView.swift */; };
		99512FD47841AC7858FBD2C1 /* GameSession.swift in Sources */ = {isa = PBXBuildFile; fileRef = 088BBE501086C8FC864CFEED /* GameSession.swift */; };
		9D6AB69AA3F1699F358CBA51 /* PermissionDeniedView.swift in Sources */ = {isa = PBXBuildFile; fileRef = CC2066EAE0240E73685BB9D6 /* PermissionDeniedView.swift */; };
		B808E6507DE931F76AA2019B /* GameViewModel.swift in Sources */ = {isa = PBXBuildFile; fileRef = 5CD5AA3400180F287DF57371 /* GameViewModel.swift */; };
		B920A61D965C07F0E956EA8B /* Assets.xcassets in Resources */ = {isa = PBXBuildFile; fileRef = B7C30A531543E1DD1B519815 /* Assets.xcassets */; };
		C21782F737D5309631FC1F4E /* GuessResult.swift in Sources */ = {isa = PBXBuildFile; fileRef = 608062778401C4B96C44C626 /* GuessResult.swift */; };
		CCA983B02890130D089AD640 /* PermissionView.swift in Sources */ = {isa = PBXBuildFile; fileRef = 2A7124A6561361B897BA7322 /* PermissionView.swift */; };
		F9CE14B1B51EA70F183F5A87 /* MapPickerView.swift in Sources */ = {isa = PBXBuildFile; fileRef = 7BF7A29D2A10B5863632AEDE /* MapPickerView.swift */; };
/* End PBXBuildFile section */

/* Begin PBXFileReference section */
		01E7F7C344BF7DD4EAFFACE2 /* GeoGuesserApp.swift */ = {isa = PBXFileReference; lastKnownFileType = sourcecode.swift; path = GeoGuesserApp.swift; sourceTree = "<group>"; };
		088BBE501086C8FC864CFEED /* GameSession.swift */ = {isa = PBXFileReference; lastKnownFileType = sourcecode.swift; path = GameSession.swift; sourceTree = "<group>"; };
		0C1D9BE824790130C39AE862 /* GamePhoto.swift */ = {isa = PBXFileReference; lastKnownFileType = sourcecode.swift; path = GamePhoto.swift; sourceTree = "<group>"; };
		131F25B6207AC6020F2981C9 /* PhotoRoundView.swift */ = {isa = PBXFileReference; lastKnownFileType = sourcecode.swift; path = PhotoRoundView.swift; sourceTree = "<group>"; };
		1BB691D16B56FA80D083B697 /* FinalResultsView.swift */ = {isa = PBXFileReference; lastKnownFileType = sourcecode.swift; path = FinalResultsView.swift; sourceTree = "<group>"; };
		2A7124A6561361B897BA7322 /* PermissionView.swift */ = {isa = PBXFileReference; lastKnownFileType = sourcecode.swift; path = PermissionView.swift; sourceTree = "<group>"; };
		351D8CDE1EE6E474E386C7A4 /* ContentView.swift */ = {isa = PBXFileReference; lastKnownFileType = sourcecode.swift; path = ContentView.swift; sourceTree = "<group>"; };
		424475A6B9F5DD40D39582ED /* PhotoLibraryManager.swift */ = {isa = PBXFileReference; lastKnownFileType = sourcecode.swift; path = PhotoLibraryManager.swift; sourceTree = "<group>"; };
		5CD5AA3400180F287DF57371 /* GameViewModel.swift */ = {isa = PBXFileReference; lastKnownFileType = sourcecode.swift; path = GameViewModel.swift; sourceTree = "<group>"; };
		608062778401C4B96C44C626 /* GuessResult.swift */ = {isa = PBXFileReference; lastKnownFileType = sourcecode.swift; path = GuessResult.swift; sourceTree = "<group>"; };
		7616B70E33C2A6460492B9C3 /* Info.plist */ = {isa = PBXFileReference; lastKnownFileType = text.plist; path = Info.plist; sourceTree = "<group>"; };
		76CF59A67D2964A6B2FCA26F /* GeoGuesser.app */ = {isa = PBXFileReference; includeInIndex = 0; lastKnownFileType = wrapper.application; path = GeoGuesser.app; sourceTree = BUILT_PRODUCTS_DIR; };
		7BF7A29D2A10B5863632AEDE /* MapPickerView.swift */ = {isa = PBXFileReference; lastKnownFileType = sourcecode.swift; path = MapPickerView.swift; sourceTree = "<group>"; };
		B7C30A531543E1DD1B519815 /* Assets.xcassets */ = {isa = PBXFileReference; lastKnownFileType = folder.assetcatalog; path = Assets.xcassets; sourceTree = "<group>"; };
		C0DD12F23DBD67BD339E1A66 /* RoundResultView.swift */ = {isa = PBXFileReference; lastKnownFileType = sourcecode.swift; path = RoundResultView.swift; sourceTree = "<group>"; };
		CC2066EAE0240E73685BB9D6 /* PermissionDeniedView.swift */ = {isa = PBXFileReference; lastKnownFileType = sourcecode.swift; path = PermissionDeniedView.swift; sourceTree = "<group>"; };
		DA4DDF0249E446AAD6489E95 /* HomeView.swift */ = {isa = PBXFileReference; lastKnownFileType = sourcecode.swift; path = HomeView.swift; sourceTree = "<group>"; };
/* End PBXFileReference section */

/* Begin PBXGroup section */
		118C822240F7891FA3D07C98 = {
			isa = PBXGroup;
			children = (
				654A719666D32BE570EBEE48 /* GeoGuesser */,
				4D522447163E485E92BC97E5 /* Products */,
			);
			sourceTree = "<group>";
		};
		236011B9EB2CF2FA493B1DE3 /* Views */ = {
			isa = PBXGroup;
			children = (
				1BB691D16B56FA80D083B697 /* FinalResultsView.swift */,
				DA4DDF0249E446AAD6489E95 /* HomeView.swift */,
				7BF7A29D2A10B5863632AEDE /* MapPickerView.swift */,
				CC2066EAE0240E73685BB9D6 /* PermissionDeniedView.swift */,
				2A7124A6561361B897BA7322 /* PermissionView.swift */,
				131F25B6207AC6020F2981C9 /* PhotoRoundView.swift */,
				C0DD12F23DBD67BD339E1A66 /* RoundResultView.swift */,
			);
			path = Views;
			sourceTree = "<group>";
		};
		47815450B17ABA6C58D0C6BB /* Models */ = {
			isa = PBXGroup;
			children = (
				0C1D9BE824790130C39AE862 /* GamePhoto.swift */,
				088BBE501086C8FC864CFEED /* GameSession.swift */,
				608062778401C4B96C44C626 /* GuessResult.swift */,
			);
			path = Models;
			sourceTree = "<group>";
		};
		4D522447163E485E92BC97E5 /* Products */ = {
			isa = PBXGroup;
			children = (
				76CF59A67D2964A6B2FCA26F /* GeoGuesser.app */,
			);
			name = Products;
			sourceTree = "<group>";
		};
		654A719666D32BE570EBEE48 /* GeoGuesser */ = {
			isa = PBXGroup;
			children = (
				B7C30A531543E1DD1B519815 /* Assets.xcassets */,
				351D8CDE1EE6E474E386C7A4 /* ContentView.swift */,
				01E7F7C344BF7DD4EAFFACE2 /* GeoGuesserApp.swift */,
				7616B70E33C2A6460492B9C3 /* Info.plist */,
				47815450B17ABA6C58D0C6BB /* Models */,
				8BB8148BFDF34EA8CD7D103A /* ViewModels */,
				236011B9EB2CF2FA493B1DE3 /* Views */,
			);
			path = GeoGuesser;
			sourceTree = "<group>";
		};
		8BB8148BFDF34EA8CD7D103A /* ViewModels */ = {
			isa = PBXGroup;
			children = (
				5CD5AA3400180F287DF57371 /* GameViewModel.swift */,
				424475A6B9F5DD40D39582ED /* PhotoLibraryManager.swift */,
			);
			path = ViewModels;
			sourceTree = "<group>";
		};
/* End PBXGroup section */

/* Begin PBXNativeTarget section */
		AEBEC35DE092E58E9D9BDD7D /* GeoGuesser */ = {
			isa = PBXNativeTarget;
			buildConfigurationList = A317AB0503A96F3F3CB6982D /* Build configuration list for PBXNativeTarget "GeoGuesser" */;
			buildPhases = (
				723BC94DACD7E350899640C7 /* Sources */,
				706793DA7298560AE028C4A2 /* Resources */,
			);
			buildRules = (
			);
			dependencies = (
			);
			name = GeoGuesser;
			packageProductDependencies = (
			);
			productName = GeoGuesser;
			productReference = 76CF59A67D2964A6B2FCA26F /* GeoGuesser.app */;
			productType = "com.apple.product-type.application";
		};
/* End PBXNativeTarget section */

/* Begin PBXProject section */
		7F63A207B02CC6634277B462 /* Project object */ = {
			isa = PBXProject;
			attributes = {
				BuildIndependentTargetsInParallel = YES;
				LastUpgradeCheck = 1600;
				TargetAttributes = {
				};
			};
			buildConfigurationList = FB63E1BD0EDAE54FE3B02A9D /* Build configuration list for PBXProject "GeoGuesser" */;
			developmentRegion = en;
			hasScannedForEncodings = 0;
			knownRegions = (
				Base,
				en,
			);
			mainGroup = 118C822240F7891FA3D07C98;
			minimizedProjectReferenceProxies = 1;
			preferredProjectObjectVersion = 77;
			productRefGroup = 4D522447163E485E92BC97E5 /* Products */;
			projectDirPath = "";
			projectRoot = "";
			targets = (
				AEBEC35DE092E58E9D9BDD7D /* GeoGuesser */,
			);
		};
/* End PBXProject section */

/* Begin PBXResourcesBuildPhase section */
		706793DA7298560AE028C4A2 /* Resources */ = {
			isa = PBXResourcesBuildPhase;
			buildActionMask = 2147483647;
			files = (
				B920A61D965C07F0E956EA8B /* Assets.xcassets in Resources */,
			);
			runOnlyForDeploymentPostprocessing = 0;
		};
/* End PBXResourcesBuildPhase section */

/* Begin PBXSourcesBuildPhase section */
		723BC94DACD7E350899640C7 /* Sources */ = {
			isa = PBXSourcesBuildPhase;
			buildActionMask = 2147483647;
			files = (
				89F0AA57BFA018DC2970A5C3 /* ContentView.swift in Sources */,
				91EEF13BE1E778224C8253B8 /* FinalResultsView.swift in Sources */,
				0FF001ADFD3C4F69D01B1D94 /* GamePhoto.swift in Sources */,
				99512FD47841AC7858FBD2C1 /* GameSession.swift in Sources */,
				B808E6507DE931F76AA2019B /* GameViewModel.swift in Sources */,
				2C076FA65FCBE42EA518C264 /* GeoGuesserApp.swift in Sources */,
				C21782F737D5309631FC1F4E /* GuessResult.swift in Sources */,
				6B87B1592496E014A8B4FDEA /* HomeView.swift in Sources */,
				F9CE14B1B51EA70F183F5A87 /* MapPickerView.swift in Sources */,
				9D6AB69AA3F1699F358CBA51 /* PermissionDeniedView.swift in Sources */,
				CCA983B02890130D089AD640 /* PermissionView.swift in Sources */,
				94F48DC17D6217A2A3D6C626 /* PhotoLibraryManager.swift in Sources */,
				96718FF68262F769959F9125 /* PhotoRoundView.swift in Sources */,
				681883E37A36C28E66C5F673 /* RoundResultView.swift in Sources */,
			);
			runOnlyForDeploymentPostprocessing = 0;
		};
/* End PBXSourcesBuildPhase section */

/* Begin XCBuildConfiguration section */
		3686D8257E90A486135AB26D /* Debug */ = {
			isa = XCBuildConfiguration;
			buildSettings = {
				ALWAYS_SEARCH_USER_PATHS = NO;
				CLANG_ANALYZER_NONNULL = YES;
				CLANG_ANALYZER_NUMBER_OBJECT_CONVERSION = YES_AGGRESSIVE;
				CLANG_CXX_LANGUAGE_STANDARD = "gnu++14";
				CLANG_CXX_LIBRARY = "libc++";
				CLANG_ENABLE_MODULES = YES;
				CLANG_ENABLE_OBJC_ARC = YES;
				CLANG_ENABLE_OBJC_WEAK = YES;
				CLANG_WARN_BLOCK_CAPTURE_AUTORELEASING = YES;
				CLANG_WARN_BOOL_CONVERSION = YES;
				CLANG_WARN_COMMA = YES;
				CLANG_WARN_CONSTANT_CONVERSION = YES;
				CLANG_WARN_DEPRECATED_OBJC_IMPLEMENTATIONS = YES;
				CLANG_WARN_DIRECT_OBJC_ISA_USAGE = YES_ERROR;
				CLANG_WARN_DOCUMENTATION_COMMENTS = YES;
				CLANG_WARN_EMPTY_BODY = YES;
				CLANG_WARN_ENUM_CONVERSION = YES;
				CLANG_WARN_INFINITE_RECURSION = YES;
				CLANG_WARN_INT_CONVERSION = YES;
				CLANG_WARN_NON_LITERAL_NULL_CONVERSION = YES;
				CLANG_WARN_OBJC_IMPLICIT_RETAIN_SELF = YES;
				CLANG_WARN_OBJC_LITERAL_CONVERSION = YES;
				CLANG_WARN_OBJC_ROOT_CLASS = YES_ERROR;
				CLANG_WARN_QUOTED_INCLUDE_IN_FRAMEWORK_HEADER = YES;
				CLANG_WARN_RANGE_LOOP_ANALYSIS = YES;
				CLANG_WARN_STRICT_PROTOTYPES = YES;
				CLANG_WARN_SUSPICIOUS_MOVE = YES;
				CLANG_WARN_UNGUARDED_AVAILABILITY = YES_AGGRESSIVE;
				CLANG_WARN_UNREACHABLE_CODE = YES;
				CLANG_WARN__DUPLICATE_METHOD_MATCH = YES;
				COPY_PHASE_STRIP = NO;
				DEBUG_INFORMATION_FORMAT = dwarf;
				ENABLE_STRICT_OBJC_MSGSEND = YES;
				ENABLE_TESTABILITY = YES;
				GCC_C_LANGUAGE_STANDARD = gnu11;
				GCC_DYNAMIC_NO_PIC = NO;
				GCC_NO_COMMON_BLOCKS = YES;
				GCC_OPTIMIZATION_LEVEL = 0;
				GCC_PREPROCESSOR_DEFINITIONS = (
					"$(inherited)",
					"DEBUG=1",
				);
				GCC_WARN_64_TO_32_BIT_CONVERSION = YES;
				GCC_WARN_ABOUT_RETURN_TYPE = YES_ERROR;
				GCC_WARN_UNDECLARED_SELECTOR = YES;
				GCC_WARN_UNINITIALIZED_AUTOS = YES_AGGRESSIVE;
				GCC_WARN_UNUSED_FUNCTION = YES;
				GCC_WARN_UNUSED_VARIABLE = YES;
				IPHONEOS_DEPLOYMENT_TARGET = 17.0;
				MTL_ENABLE_DEBUG_INFO = INCLUDE_SOURCE;
				MTL_FAST_MATH = YES;
				ONLY_ACTIVE_ARCH = YES;
				PRODUCT_NAME = "$(TARGET_NAME)";
				SDKROOT = iphoneos;
				SWIFT_ACTIVE_COMPILATION_CONDITIONS = DEBUG;
				SWIFT_OPTIMIZATION_LEVEL = "-Onone";
				SWIFT_VERSION = 5.0;
			};
			name = Debug;
		};
		C0DA27A17A0BE7F85CC3BE0C /* Release */ = {
			isa = XCBuildConfiguration;
			buildSettings = {
				ASSETCATALOG_COMPILER_APPICON_NAME = AppIcon;
				CODE_SIGN_IDENTITY = "iPhone Developer";
				CURRENT_PROJECT_VERSION = 1;
				INFOPLIST_FILE = GeoGuesser/Info.plist;
				IPHONEOS_DEPLOYMENT_TARGET = 17.0;
				LD_RUNPATH_SEARCH_PATHS = (
					"$(inherited)",
					"@executable_path/Frameworks",
				);
				MARKETING_VERSION = 1.0;
				PRODUCT_BUNDLE_IDENTIFIER = com.ansh.GeoGuesser;
				SDKROOT = iphoneos;
				SWIFT_VERSION = 5;
				TARGETED_DEVICE_FAMILY = 1;
			};
			name = Release;
		};
		CE4515A6B772F572F6577E68 /* Debug */ = {
			isa = XCBuildConfiguration;
			buildSettings = {
				ASSETCATALOG_COMPILER_APPICON_NAME = AppIcon;
				CODE_SIGN_IDENTITY = "iPhone Developer";
				CURRENT_PROJECT_VERSION = 1;
				INFOPLIST_FILE = GeoGuesser/Info.plist;
				IPHONEOS_DEPLOYMENT_TARGET = 17.0;
				LD_RUNPATH_SEARCH_PATHS = (
					"$(inherited)",
					"@executable_path/Frameworks",
				);
				MARKETING_VERSION = 1.0;
				PRODUCT_BUNDLE_IDENTIFIER = com.ansh.GeoGuesser;
				SDKROOT = iphoneos;
				SWIFT_VERSION = 5;
				TARGETED_DEVICE_FAMILY = 1;
			};
			name = Debug;
		};
		E58D02C4294106062DA59BD9 /* Release */ = {
			isa = XCBuildConfiguration;
			buildSettings = {
				ALWAYS_SEARCH_USER_PATHS = NO;
				CLANG_ANALYZER_NONNULL = YES;
				CLANG_ANALYZER_NUMBER_OBJECT_CONVERSION = YES_AGGRESSIVE;
				CLANG_CXX_LANGUAGE_STANDARD = "gnu++14";
				CLANG_CXX_LIBRARY = "libc++";
				CLANG_ENABLE_MODULES = YES;
				CLANG_ENABLE_OBJC_ARC = YES;
				CLANG_ENABLE_OBJC_WEAK = YES;
				CLANG_WARN_BLOCK_CAPTURE_AUTORELEASING = YES;
				CLANG_WARN_BOOL_CONVERSION = YES;
				CLANG_WARN_COMMA = YES;
				CLANG_WARN_CONSTANT_CONVERSION = YES;
				CLANG_WARN_DEPRECATED_OBJC_IMPLEMENTATIONS = YES;
				CLANG_WARN_DIRECT_OBJC_ISA_USAGE = YES_ERROR;
				CLANG_WARN_DOCUMENTATION_COMMENTS = YES;
				CLANG_WARN_EMPTY_BODY = YES;
				CLANG_WARN_ENUM_CONVERSION = YES;
				CLANG_WARN_INFINITE_RECURSION = YES;
				CLANG_WARN_INT_CONVERSION = YES;
				CLANG_WARN_NON_LITERAL_NULL_CONVERSION = YES;
				CLANG_WARN_OBJC_IMPLICIT_RETAIN_SELF = YES;
				CLANG_WARN_OBJC_LITERAL_CONVERSION = YES;
				CLANG_WARN_OBJC_ROOT_CLASS = YES_ERROR;
				CLANG_WARN_QUOTED_INCLUDE_IN_FRAMEWORK_HEADER = YES;
				CLANG_WARN_RANGE_LOOP_ANALYSIS = YES;
				CLANG_WARN_STRICT_PROTOTYPES = YES;
				CLANG_WARN_SUSPICIOUS_MOVE = YES;
				CLANG_WARN_UNGUARDED_AVAILABILITY = YES_AGGRESSIVE;
				CLANG_WARN_UNREACHABLE_CODE = YES;
				CLANG_WARN__DUPLICATE_METHOD_MATCH = YES;
				COPY_PHASE_STRIP = NO;
				DEBUG_INFORMATION_FORMAT = "dwarf-with-dsym";
				ENABLE_NS_ASSERTIONS = NO;
				ENABLE_STRICT_OBJC_MSGSEND = YES;
				GCC_C_LANGUAGE_STANDARD = gnu11;
				GCC_NO_COMMON_BLOCKS = YES;
				GCC_WARN_64_TO_32_BIT_CONVERSION = YES;
				GCC_WARN_ABOUT_RETURN_TYPE = YES_ERROR;
				GCC_WARN_UNDECLARED_SELECTOR = YES;
				GCC_WARN_UNINITIALIZED_AUTOS = YES_AGGRESSIVE;
				GCC_WARN_UNUSED_FUNCTION = YES;
				GCC_WARN_UNUSED_VARIABLE = YES;
				IPHONEOS_DEPLOYMENT_TARGET = 17.0;
				MTL_ENABLE_DEBUG_INFO = NO;
				MTL_FAST_MATH = YES;
				PRODUCT_NAME = "$(TARGET_NAME)";
				SDKROOT = iphoneos;
				SWIFT_COMPILATION_MODE = wholemodule;
				SWIFT_OPTIMIZATION_LEVEL = "-O";
				SWIFT_VERSION = 5.0;
			};
			name = Release;
		};
/* End XCBuildConfiguration section */

/* Begin XCConfigurationList section */
		A317AB0503A96F3F3CB6982D /* Build configuration list for PBXNativeTarget "GeoGuesser" */ = {
			isa = XCConfigurationList;
			buildConfigurations = (
				CE4515A6B772F572F6577E68 /* Debug */,
				C0DA27A17A0BE7F85CC3BE0C /* Release */,
			);
			defaultConfigurationIsVisible = 0;
			defaultConfigurationName = Debug;
		};
		FB63E1BD0EDAE54FE3B02A9D /* Build configuration list for PBXProject "GeoGuesser" */ = {
			isa = XCConfigurationList;
			buildConfigurations = (
				3686D8257E90A486135AB26D /* Debug */,
				E58D02C4294106062DA59BD9 /* Release */,
			);
			defaultConfigurationIsVisible = 0;
			defaultConfigurationName = Debug;
		};
/* End XCConfigurationList section */
	};
	rootObject = 7F63A207B02CC6634277B462 /* Project object */;
}
